{
  "name": "testtapablehook",
  "version": "1.0.0",
  "lockfileVersion": 1,
  "requires": true,
  "dependencies": {
    "tapable": {
      "version": "1.1.1",
      "resolved": "https://registry.npmjs.org/tapable/-/tapable-1.1.1.tgz",
      "integrity": "sha512-9I2ydhj8Z9veORCw5PRm4u9uebCn0mcCa6scWoNcbZ6dAtoo2618u9UUzxgmsCOreJpqDDuv61LvwofW7hLcBA=="
    }
  }
}
